
Microsoft Visual Studio Solution File, Format Version 12.00
# Visual Studio Version 16
VisualStudioVersion = 16.0.29728.190
MinimumVisualStudioVersion = 10.0.40219.1
Project("{FAE04EC0-301F-11D3-BF4B-00C04F79EFBC}") = "ExcelUtilities", "ExcelUtilities\ExcelUtilities.csproj", "{FAC243A0-01AF-4F5F-8494-EDD9302E36F2}"
EndProject
Project("{FAE04EC0-301F-11D3-BF4B-00C04F79EFBC}") = "ExcelUtilities.Desktop", "ExcelUtilities.Desktop\ExcelUtilities.Desktop.csproj", "{8BEB2639-84B5-468D-B540-31A20967DC4D}"
EndProject
Project("{FAE04EC0-301F-11D3-BF4B-00C04F79EFBC}") = "PeselUtilities", "PeselUtilities\PeselUtilities.csproj", "{C021ED54-A668-4E72-B557-3629FCA3666C}"
EndProject
Project("{FAE04EC0-301F-11D3-BF4B-00C04F79EFBC}") = "ExcelUtilities.Spreadsheet", "ExcelUtilities.Spreadsheet\ExcelUtilities.Spreadsheet.csproj", "{5C8677F2-0EE6-4CFF-ADE9-EEAF08FCA0D9}"
EndProject
Project("{2150E333-8FDC-42A3-9474-1A3956D46DE8}") = "src", "src", "{0EDDB152-A15B-4414-B7DB-74003D46BAE5}"
EndProject
Project("{FAE04EC0-301F-11D3-BF4B-00C04F79EFBC}") = "ExcelUtilities.Console", "ExcelUtilities.Console\ExcelUtilities.Console.csproj", "{4DD646AB-6BF4-4359-880D-2B4FA6980751}"
EndProject
Project("{2150E333-8FDC-42A3-9474-1A3956D46DE8}") = "tests", "tests", "{54F030C6-7297-418A-911E-518F6F394800}"
EndProject
Project("{9A19103F-16F7-4668-BE54-9A1E7A4F7556}") = "PeselUtilities.Tests", "PeselUtilities.Tests\PeselUtilities.Tests.csproj", "{26492BDB-412C-4B0B-95E4-BD0305EB2BE3}"
EndProject
Project("{FAE04EC0-301F-11D3-BF4B-00C04F79EFBC}") = "ParsingUtilities", "ParsingUtilities\ParsingUtilities.csproj", "{A77E4C46-438A-4E53-A19F-3BA37D9CA569}"
EndProject
Project("{FAE04EC0-301F-11D3-BF4B-00C04F79EFBC}") = "ParsingUtilitiesTests", "ParsingUtilitiesTests\ParsingUtilitiesTests.csproj", "{F39CA6E9-CF43-47FC-A651-C9CABCC02180}"
EndProject
Global
	GlobalSection(SolutionConfigurationPlatforms) = preSolution
		Debug|Any CPU = Debug|Any CPU
		Release|Any CPU = Release|Any CPU
	EndGlobalSection
	GlobalSection(ProjectConfigurationPlatforms) = postSolution
		{FAC243A0-01AF-4F5F-8494-EDD9302E36F2}.Debug|Any CPU.ActiveCfg = Debug|Any CPU
		{FAC243A0-01AF-4F5F-8494-EDD9302E36F2}.Debug|Any CPU.Build.0 = Debug|Any CPU
		{FAC243A0-01AF-4F5F-8494-EDD9302E36F2}.Release|Any CPU.ActiveCfg = Release|Any CPU
		{FAC243A0-01AF-4F5F-8494-EDD9302E36F2}.Release|Any CPU.Build.0 = Release|Any CPU
		{8BEB2639-84B5-468D-B540-31A20967DC4D}.Debug|Any CPU.ActiveCfg = Debug|Any CPU
		{8BEB2639-84B5-468D-B540-31A20967DC4D}.Debug|Any CPU.Build.0 = Debug|Any CPU
		{8BEB2639-84B5-468D-B540-31A20967DC4D}.Release|Any CPU.ActiveCfg = Release|Any CPU
		{8BEB2639-84B5-468D-B540-31A20967DC4D}.Release|Any CPU.Build.0 = Release|Any CPU
		{C021ED54-A668-4E72-B557-3629FCA3666C}.Debug|Any CPU.ActiveCfg = Debug|Any CPU
		{C021ED54-A668-4E72-B557-3629FCA3666C}.Debug|Any CPU.Build.0 = Debug|Any CPU
		{C021ED54-A668-4E72-B557-3629FCA3666C}.Release|Any CPU.ActiveCfg = Release|Any CPU
		{C021ED54-A668-4E72-B557-3629FCA3666C}.Release|Any CPU.Build.0 = Release|Any CPU
		{5C8677F2-0EE6-4CFF-ADE9-EEAF08FCA0D9}.Debug|Any CPU.ActiveCfg = Debug|Any CPU
		{5C8677F2-0EE6-4CFF-ADE9-EEAF08FCA0D9}.Debug|Any CPU.Build.0 = Debug|Any CPU
		{5C8677F2-0EE6-4CFF-ADE9-EEAF08FCA0D9}.Release|Any CPU.ActiveCfg = Release|Any CPU
		{5C8677F2-0EE6-4CFF-ADE9-EEAF08FCA0D9}.Release|Any CPU.Build.0 = Release|Any CPU
		{4DD646AB-6BF4-4359-880D-2B4FA6980751}.Debug|Any CPU.ActiveCfg = Debug|Any CPU
		{4DD646AB-6BF4-4359-880D-2B4FA6980751}.Debug|Any CPU.Build.0 = Debug|Any CPU
		{4DD646AB-6BF4-4359-880D-2B4FA6980751}.Release|Any CPU.ActiveCfg = Release|Any CPU
		{4DD646AB-6BF4-4359-880D-2B4FA6980751}.Release|Any CPU.Build.0 = Release|Any CPU
		{26492BDB-412C-4B0B-95E4-BD0305EB2BE3}.Debug|Any CPU.ActiveCfg = Debug|Any CPU
		{26492BDB-412C-4B0B-95E4-BD0305EB2BE3}.Debug|Any CPU.Build.0 = Debug|Any CPU
		{26492BDB-412C-4B0B-95E4-BD0305EB2BE3}.Release|Any CPU.ActiveCfg = Release|Any CPU
		{26492BDB-412C-4B0B-95E4-BD0305EB2BE3}.Release|Any CPU.Build.0 = Release|Any CPU
		{A77E4C46-438A-4E53-A19F-3BA37D9CA569}.Debug|Any CPU.ActiveCfg = Debug|Any CPU
		{A77E4C46-438A-4E53-A19F-3BA37D9CA569}.Debug|Any CPU.Build.0 = Debug|Any CPU
		{A77E4C46-438A-4E53-A19F-3BA37D9CA569}.Release|Any CPU.ActiveCfg = Release|Any CPU
		{A77E4C46-438A-4E53-A19F-3BA37D9CA569}.Release|Any CPU.Build.0 = Release|Any CPU
		{F39CA6E9-CF43-47FC-A651-C9CABCC02180}.Debug|Any CPU.ActiveCfg = Debug|Any CPU
		{F39CA6E9-CF43-47FC-A651-C9CABCC02180}.Debug|Any CPU.Build.0 = Debug|Any CPU
		{F39CA6E9-CF43-47FC-A651-C9CABCC02180}.Release|Any CPU.ActiveCfg = Release|Any CPU
		{F39CA6E9-CF43-47FC-A651-C9CABCC02180}.Release|Any CPU.Build.0 = Release|Any CPU
	EndGlobalSection
	GlobalSection(SolutionProperties) = preSolution
		HideSolutionNode = FALSE
	EndGlobalSection
	GlobalSection(NestedProjects) = preSolution
		{FAC243A0-01AF-4F5F-8494-EDD9302E36F2} = {0EDDB152-A15B-4414-B7DB-74003D46BAE5}
		{8BEB2639-84B5-468D-B540-31A20967DC4D} = {0EDDB152-A15B-4414-B7DB-74003D46BAE5}
		{C021ED54-A668-4E72-B557-3629FCA3666C} = {0EDDB152-A15B-4414-B7DB-74003D46BAE5}
		{5C8677F2-0EE6-4CFF-ADE9-EEAF08FCA0D9} = {0EDDB152-A15B-4414-B7DB-74003D46BAE5}
		{4DD646AB-6BF4-4359-880D-2B4FA6980751} = {0EDDB152-A15B-4414-B7DB-74003D46BAE5}
		{26492BDB-412C-4B0B-95E4-BD0305EB2BE3} = {54F030C6-7297-418A-911E-518F6F394800}
		{A77E4C46-438A-4E53-A19F-3BA37D9CA569} = {0EDDB152-A15B-4414-B7DB-74003D46BAE5}
		{F39CA6E9-CF43-47FC-A651-C9CABCC02180} = {54F030C6-7297-418A-911E-518F6F394800}
	EndGlobalSection
	GlobalSection(ExtensibilityGlobals) = postSolution
		SolutionGuid = {FA57E9C1-EF75-4440-9F77-482886AFC4A5}
	EndGlobalSection
EndGlobal
